
Microsoft Visual Studio Solution File, Format Version 12.00
# Visual Studio Version 16
VisualStudioVersion = 16.0.30711.63
MinimumVisualStudioVersion = 10.0.40219.1
Project("{FAE04EC0-301F-11D3-BF4B-00C04F79EFBC}") = "UBDPLib", "UBDPLib\UBDPLib.csproj", "{380A3BEA-A9FE-43B0-8538-065DD6918CD6}"
EndProject
Project("{FAE04EC0-301F-11D3-BF4B-00C04F79EFBC}") = "UBDPLib_Test", "UBDPLib_Test\UBDPLib_Test.csproj", "{A6113E4D-618E-489C-B905-D9107173A238}"
EndProject
Project("{FAE04EC0-301F-11D3-BF4B-00C04F79EFBC}") = "ConsoleSandbox", "ConsoleSandbox\ConsoleSandbox.csproj", "{639D5476-FB92-4A66-B97D-248A18E70265}"
EndProject
Global
	GlobalSection(SolutionConfigurationPlatforms) = preSolution
		Debug|Any CPU = Debug|Any CPU
		Release|Any CPU = Release|Any CPU
	EndGlobalSection
	GlobalSection(ProjectConfigurationPlatforms) = postSolution
		{380A3BEA-A9FE-43B0-8538-065DD6918CD6}.Debug|Any CPU.ActiveCfg = Debug|Any CPU
		{380A3BEA-A9FE-43B0-8538-065DD6918CD6}.Debug|Any CPU.Build.0 = Debug|Any CPU
		{380A3BEA-A9FE-43B0-8538-065DD6918CD6}.Release|Any CPU.ActiveCfg = Release|Any CPU
		{380A3BEA-A9FE-43B0-8538-065DD6918CD6}.Release|Any CPU.Build.0 = Release|Any CPU
		{A6113E4D-618E-489C-B905-D9107173A238}.Debug|Any CPU.ActiveCfg = Debug|Any CPU
		{A6113E4D-618E-489C-B905-D9107173A238}.Debug|Any CPU.Build.0 = Debug|Any CPU
		{A6113E4D-618E-489C-B905-D9107173A238}.Release|Any CPU.ActiveCfg = Release|Any CPU
		{A6113E4D-618E-489C-B905-D9107173A238}.Release|Any CPU.Build.0 = Release|Any CPU
		{639D5476-FB92-4A66-B97D-248A18E70265}.Debug|Any CPU.ActiveCfg = Debug|Any CPU
		{639D5476-FB92-4A66-B97D-248A18E70265}.Debug|Any CPU.Build.0 = Debug|Any CPU
		{639D5476-FB92-4A66-B97D-248A18E70265}.Release|Any CPU.ActiveCfg = Release|Any CPU
		{639D5476-FB92-4A66-B97D-248A18E70265}.Release|Any CPU.Build.0 = Release|Any CPU
	EndGlobalSection
	GlobalSection(SolutionProperties) = preSolution
		HideSolutionNode = FALSE
	EndGlobalSection
	GlobalSection(ExtensibilityGlobals) = postSolution
		SolutionGuid = {8E2A834E-52DB-4452-8EFD-5E2193F09BD1}
	EndGlobalSection
EndGlobal
